
Microsoft Visual Studio Solution File, Format Version 12.00
# Visual Studio Version 17
VisualStudioVersion = 17.3.32929.385
MinimumVisualStudioVersion = 10.0.40219.1
Project("{9A19103F-16F7-4668-BE54-9A1E7A4F7556}") = "Domain", "Domain\Domain.csproj", "{2D981C2F-9BDC-4456-8F94-B2DD1EF3B6F2}"
EndProject
Project("{9A19103F-16F7-4668-BE54-9A1E7A4F7556}") = "API", "API\API.csproj", "{7FCA64F2-2C18-4915-B084-A18215D29F4E}"
EndProject
Project("{9A19103F-16F7-4668-BE54-9A1E7A4F7556}") = "Infrastructure", "Infrastructure\Infrastructure.csproj", "{77BCB0B5-3C7F-45C7-B734-72A91A8470CB}"
EndProject
Project("{9A19103F-16F7-4668-BE54-9A1E7A4F7556}") = "Shared", "Shared\Shared.csproj", "{F42F5D10-54EE-4A90-BE0B-83A665F19063}"
	ProjectSection(ProjectDependencies) = postProject
		{2D981C2F-9BDC-4456-8F94-B2DD1EF3B6F2} = {2D981C2F-9BDC-4456-8F94-B2DD1EF3B6F2}
	EndProjectSection
EndProject
Project("{9A19103F-16F7-4668-BE54-9A1E7A4F7556}") = "Blazor", "Blazor\Blazor.csproj", "{9F8AFF78-701F-4F01-A81C-AFD06F5F527A}"
	ProjectSection(ProjectDependencies) = postProject
		{F42F5D10-54EE-4A90-BE0B-83A665F19063} = {F42F5D10-54EE-4A90-BE0B-83A665F19063}
	EndProjectSection
EndProject
Project("{9A19103F-16F7-4668-BE54-9A1E7A4F7556}") = "Tests", "Tests\Tests.csproj", "{D64FE9C5-EBD9-4C96-8E39-E35BA76AA0A3}"
	ProjectSection(ProjectDependencies) = postProject
		{2D981C2F-9BDC-4456-8F94-B2DD1EF3B6F2} = {2D981C2F-9BDC-4456-8F94-B2DD1EF3B6F2}
		{77BCB0B5-3C7F-45C7-B734-72A91A8470CB} = {77BCB0B5-3C7F-45C7-B734-72A91A8470CB}
		{7FCA64F2-2C18-4915-B084-A18215D29F4E} = {7FCA64F2-2C18-4915-B084-A18215D29F4E}
	EndProjectSection
EndProject
Global
	GlobalSection(SolutionConfigurationPlatforms) = preSolution
		Debug|Any CPU = Debug|Any CPU
		Release|Any CPU = Release|Any CPU
	EndGlobalSection
	GlobalSection(ProjectConfigurationPlatforms) = postSolution
		{2D981C2F-9BDC-4456-8F94-B2DD1EF3B6F2}.Debug|Any CPU.ActiveCfg = Debug|Any CPU
		{2D981C2F-9BDC-4456-8F94-B2DD1EF3B6F2}.Debug|Any CPU.Build.0 = Debug|Any CPU
		{2D981C2F-9BDC-4456-8F94-B2DD1EF3B6F2}.Release|Any CPU.ActiveCfg = Release|Any CPU
		{2D981C2F-9BDC-4456-8F94-B2DD1EF3B6F2}.Release|Any CPU.Build.0 = Release|Any CPU
		{7FCA64F2-2C18-4915-B084-A18215D29F4E}.Debug|Any CPU.ActiveCfg = Debug|Any CPU
		{7FCA64F2-2C18-4915-B084-A18215D29F4E}.Debug|Any CPU.Build.0 = Debug|Any CPU
		{7FCA64F2-2C18-4915-B084-A18215D29F4E}.Release|Any CPU.ActiveCfg = Release|Any CPU
		{7FCA64F2-2C18-4915-B084-A18215D29F4E}.Release|Any CPU.Build.0 = Release|Any CPU
		{77BCB0B5-3C7F-45C7-B734-72A91A8470CB}.Debug|Any CPU.ActiveCfg = Debug|Any CPU
		{77BCB0B5-3C7F-45C7-B734-72A91A8470CB}.Debug|Any CPU.Build.0 = Debug|Any CPU
		{77BCB0B5-3C7F-45C7-B734-72A91A8470CB}.Release|Any CPU.ActiveCfg = Release|Any CPU
		{77BCB0B5-3C7F-45C7-B734-72A91A8470CB}.Release|Any CPU.Build.0 = Release|Any CPU
		{F42F5D10-54EE-4A90-BE0B-83A665F19063}.Debug|Any CPU.ActiveCfg = Debug|Any CPU
		{F42F5D10-54EE-4A90-BE0B-83A665F19063}.Debug|Any CPU.Build.0 = Debug|Any CPU
		{F42F5D10-54EE-4A90-BE0B-83A665F19063}.Release|Any CPU.ActiveCfg = Release|Any CPU
		{F42F5D10-54EE-4A90-BE0B-83A665F19063}.Release|Any CPU.Build.0 = Release|Any CPU
		{9F8AFF78-701F-4F01-A81C-AFD06F5F527A}.Debug|Any CPU.ActiveCfg = Debug|Any CPU
		{9F8AFF78-701F-4F01-A81C-AFD06F5F527A}.Debug|Any CPU.Build.0 = Debug|Any CPU
		{9F8AFF78-701F-4F01-A81C-AFD06F5F527A}.Release|Any CPU.ActiveCfg = Release|Any CPU
		{9F8AFF78-701F-4F01-A81C-AFD06F5F527A}.Release|Any CPU.Build.0 = Release|Any CPU
		{D64FE9C5-EBD9-4C96-8E39-E35BA76AA0A3}.Debug|Any CPU.ActiveCfg = Debug|Any CPU
		{D64FE9C5-EBD9-4C96-8E39-E35BA76AA0A3}.Debug|Any CPU.Build.0 = Debug|Any CPU
		{D64FE9C5-EBD9-4C96-8E39-E35BA76AA0A3}.Release|Any CPU.ActiveCfg = Release|Any CPU
		{D64FE9C5-EBD9-4C96-8E39-E35BA76AA0A3}.Release|Any CPU.Build.0 = Release|Any CPU
	EndGlobalSection
	GlobalSection(SolutionProperties) = preSolution
		HideSolutionNode = FALSE
	EndGlobalSection
	GlobalSection(ExtensibilityGlobals) = postSolution
		SolutionGuid = {AAC7A936-20DC-4EB1-9184-E763B4381D4B}
	EndGlobalSection
EndGlobal
